{
  "name": "borgar.net",
  "version": "1.0.0",
  "lockfileVersion": 3,
  "requires": true,
  "packages": {
    "": {
      "name": "borgar.net",
      "version": "1.0.0",
      "license": "MIT",
      "dependencies": {
        "numfmt": "~3.1.3"
      }
    },
    "node_modules/numfmt": {
      "version": "3.1.3",
      "resolved": "https://registry.npmjs.org/numfmt/-/numfmt-3.1.3.tgz",
      "integrity": "sha512-5XdcQpUFFWiNDYPrcqUqbNCu3n2EzXSiX8pOJ71rJrRMfBk/LoHNJENWVmyol/VmlpxN6pnaQopEqIU9LbiDbg=="
    }
  }
}
